// !$*UTF8*$!
{
	archiveVersion = 1;
	classes = {
	};
	objectVersion = 46;
	objects = {

/* Begin PBXBuildFile section */
		2215BA6C1C267C73001440DB /* Foundation.framework in Frameworks */ = {isa = PBXBuildFile; fileRef = 2215BA6B1C267C73001440DB /* Foundation.framework */; };
		2215BA6E1C267C73001440DB /* CoreGraphics.framework in Frameworks */ = {isa = PBXBuildFile; fileRef = 2215BA6D1C267C73001440DB /* CoreGraphics.framework */; };
		2215BA701C267C73001440DB /* UIKit.framework in Frameworks */ = {isa = PBXBuildFile; fileRef = 2215BA6F1C267C73001440DB /* UIKit.framework */; };
		2215BA761C267C73001440DB /* InfoPlist.strings in Resources */ = {isa = PBXBuildFile; fileRef = 2215BA741C267C73001440DB /* InfoPlist.strings */; };
		2215BA781C267C73001440DB /* main.m in Sources */ = {isa = PBXBuildFile; fileRef = 2215BA771C267C73001440DB /* main.m */; };
		2215BA7C1C267C73001440DB /* AppDelegate.m in Sources */ = {isa = PBXBuildFile; fileRef = 2215BA7B1C267C73001440DB /* AppDelegate.m */; };
		2215BA7F1C267C73001440DB /* Main_iPhone.storyboard in Resources */ = {isa = PBXBuildFile; fileRef = 2215BA7D1C267C73001440DB /* Main_iPhone.storyboard */; };
		2215BA821C267C73001440DB /* Main_iPad.storyboard in Resources */ = {isa = PBXBuildFile; fileRef = 2215BA801C267C73001440DB /* Main_iPad.storyboard */; };
		2215BA851C267C73001440DB /* MasterViewController.m in Sources */ = {isa = PBXBuildFile; fileRef = 2215BA841C267C73001440DB /* MasterViewController.m */; };
		2215BA881C267C73001440DB /* DetailViewController.m in Sources */ = {isa = PBXBuildFile; fileRef = 2215BA871C267C73001440DB /* DetailViewController.m */; };
		2215BA8A1C267C73001440DB /* Images.xcassets in Resources */ = {isa = PBXBuildFile; fileRef = 2215BA891C267C73001440DB /* Images.xcassets */; };
		2215BA911C267C73001440DB /* XCTest.framework in Frameworks */ = {isa = PBXBuildFile; fileRef = 2215BA901C267C73001440DB /* XCTest.framework */; };
		2215BA921C267C73001440DB /* Foundation.framework in Frameworks */ = {isa = PBXBuildFile; fileRef = 2215BA6B1C267C73001440DB /* Foundation.framework */; };
		2215BA931C267C73001440DB /* UIKit.framework in Frameworks */ = {isa = PBXBuildFile; fileRef = 2215BA6F1C267C73001440DB /* UIKit.framework */; };
		2215BA9B1C267C74001440DB /* InfoPlist.strings in Resources */ = {isa = PBXBuildFile; fileRef = 2215BA991C267C74001440DB /* InfoPlist.strings */; };
		2215BA9D1C267C74001440DB /* RestAppDemoTests.m in Sources */ = {isa = PBXBuildFile; fileRef = 2215BA9C1C267C74001440DB /* RestAppDemoTests.m */; };
/* End PBXBuildFile section */

/* Begin PBXContainerItemProxy section */
		2215BA941C267C73001440DB /* PBXContainerItemProxy */ = {
			isa = PBXContainerItemProxy;
			containerPortal = 2215BA601C267C73001440DB /* Project object */;
			proxyType = 1;
			remoteGlobalIDString = 2215BA671C267C73001440DB;
			remoteInfo = RestAppDemo;
		};
/* End PBXContainerItemProxy section */

/* Begin PBXFileReference section */
		2215BA681C267C73001440DB /* RestAppDemo.app */ = {isa = PBXFileReference; explicitFileType = wrapper.application; includeInIndex = 0; path = RestAppDemo.app; sourceTree = BUILT_PRODUCTS_DIR; };
		2215BA6B1C267C73001440DB /* Foundation.framework */ = {isa = PBXFileReference; lastKnownFileType = wrapper.framework; name = Foundation.framework; path = System/Library/Frameworks/Foundation.framework; sourceTree = SDKROOT; };
		2215BA6D1C267C73001440DB /* CoreGraphics.framework */ = {isa = PBXFileReference; lastKnownFileType = wrapper.framework; name = CoreGraphics.framework; path = System/Library/Frameworks/CoreGraphics.framework; sourceTree = SDKROOT; };
		2215BA6F1C267C73001440DB /* UIKit.framework */ = {isa = PBXFileReference; lastKnownFileType = wrapper.framework; name = UIKit.framework; path = System/Library/Frameworks/UIKit.framework; sourceTree = SDKROOT; };
		2215BA731C267C73001440DB /* RestAppDemo-Info.plist */ = {isa = PBXFileReference; lastKnownFileType = text.plist.xml; path = "RestAppDemo-Info.plist"; sourceTree = "<group>"; };
		2215BA751C267C73001440DB /* en */ = {isa = PBXFileReference; lastKnownFileType = text.plist.strings; name = en; path = en.lproj/InfoPlist.strings; sourceTree = "<group>"; };
		2215BA771C267C73001440DB /* main.m */ = {isa = PBXFileReference; lastKnownFileType = sourcecode.c.objc; path = main.m; sourceTree = "<group>"; };
		2215BA791C267C73001440DB /* RestAppDemo-Prefix.pch */ = {isa = PBXFileReference; lastKnownFileType = sourcecode.c.h; path = "RestAppDemo-Prefix.pch"; sourceTree = "<group>"; };
		2215BA7A1C267C73001440DB /* AppDelegate.h */ = {isa = PBXFileReference; lastKnownFileType = sourcecode.c.h; path = AppDelegate.h; sourceTree = "<group>"; };
		2215BA7B1C267C73001440DB /* AppDelegate.m */ = {isa = PBXFileReference; lastKnownFileType = sourcecode.c.objc; path = AppDelegate.m; sourceTree = "<group>"; };
		2215BA7E1C267C73001440DB /* Base */ = {isa = PBXFileReference; lastKnownFileType = file.storyboard; name = Base; path = Base.lproj/Main_iPhone.storyboard; sourceTree = "<group>"; };
		2215BA811C267C73001440DB /* Base */ = {isa = PBXFileReference; lastKnownFileType = file.storyboard; name = Base; path = Base.lproj/Main_iPad.storyboard; sourceTree = "<group>"; };
		2215BA831C267C73001440DB /* MasterViewController.h */ = {isa = PBXFileReference; lastKnownFileType = sourcecode.c.h; path = MasterViewController.h; sourceTree = "<group>"; };
		2215BA841C267C73001440DB /* MasterViewController.m */ = {isa = PBXFileReference; lastKnownFileType = sourcecode.c.objc; path = MasterViewController.m; sourceTree = "<group>"; };
		2215BA861C267C73001440DB /* DetailViewController.h */ = {isa = PBXFileReference; lastKnownFileType = sourcecode.c.h; path = DetailViewController.h; sourceTree = "<group>"; };
		2215BA871C267C73001440DB /* DetailViewController.m */ = {isa = PBXFileReference; lastKnownFileType = sourcecode.c.objc; path = DetailViewController.m; sourceTree = "<group>"; };
		2215BA891C267C73001440DB /* Images.xcassets */ = {isa = PBXFileReference; lastKnownFileType = folder.assetcatalog; path = Images.xcassets; sourceTree = "<group>"; };
		2215BA8F1C267C73001440DB /* RestAppDemoTests.xctest */ = {isa = PBXFileReference; explicitFileType = wrapper.cfbundle; includeInIndex = 0; path = RestAppDemoTests.xctest; sourceTree = BUILT_PRODUCTS_DIR; };
		2215BA901C267C73001440DB /* XCTest.framework */ = {isa = PBXFileReference; lastKnownFileType = wrapper.framework; name = XCTest.framework; path = Library/Frameworks/XCTest.framework; sourceTree = DEVELOPER_DIR; };
		2215BA981C267C74001440DB /* RestAppDemoTests-Info.plist */ = {isa = PBXFileReference; lastKnownFileType = text.plist.xml; path = "RestAppDemoTests-Info.plist"; sourceTree = "<group>"; };
		2215BA9A1C267C74001440DB /* en */ = {isa = PBXFileReference; lastKnownFileType = text.plist.strings; name = en; path = en.lproj/InfoPlist.strings; sourceTree = "<group>"; };
		2215BA9C1C267C74001440DB /* RestAppDemoTests.m */ = {isa = PBXFileReference; lastKnownFileType = sourcecode.c.objc; path = RestAppDemoTests.m; sourceTree = "<group>"; };
/* End PBXFileReference section */

/* Begin PBXFrameworksBuildPhase section */
		2215BA651C267C73001440DB /* Frameworks */ = {
			isa = PBXFrameworksBuildPhase;
			buildActionMask = 2147483647;
			files = (
				2215BA6E1C267C73001440DB /* CoreGraphics.framework in Frameworks */,
				2215BA701C267C73001440DB /* UIKit.framework in Frameworks */,
				2215BA6C1C267C73001440DB /* Foundation.framework in Frameworks */,
			);
			runOnlyForDeploymentPostprocessing = 0;
		};
		2215BA8C1C267C73001440DB /* Frameworks */ = {
			isa = PBXFrameworksBuildPhase;
			buildActionMask = 2147483647;
			files = (
				2215BA911C267C73001440DB /* XCTest.framework in Frameworks */,
				2215BA931C267C73001440DB /* UIKit.framework in Frameworks */,
				2215BA921C267C73001440DB /* Foundation.framework in Frameworks */,
			);
			runOnlyForDeploymentPostprocessing = 0;
		};
/* End PBXFrameworksBuildPhase section */

/* Begin PBXGroup section */
		2215BA5F1C267C73001440DB = {
			isa = PBXGroup;
			children = (
				2215BA711C267C73001440DB /* RestAppDemo */,
				2215BA961C267C73001440DB /* RestAppDemoTests */,
				2215BA6A1C267C73001440DB /* Frameworks */,
				2215BA691C267C73001440DB /* Products */,
			);
			sourceTree = "<group>";
		};
		2215BA691C267C73001440DB /* Products */ = {
			isa = PBXGroup;
			children = (
				2215BA681C267C73001440DB /* RestAppDemo.app */,
				2215BA8F1C267C73001440DB /* RestAppDemoTests.xctest */,
			);
			name = Products;
			sourceTree = "<group>";
		};
		2215BA6A1C267C73001440DB /* Frameworks */ = {
			isa = PBXGroup;
			children = (
				2215BA6B1C267C73001440DB /* Foundation.framework */,
				2215BA6D1C267C73001440DB /* CoreGraphics.framework */,
				2215BA6F1C267C73001440DB /* UIKit.framework */,
				2215BA901C267C73001440DB /* XCTest.framework */,
			);
			name = Frameworks;
			sourceTree = "<group>";
		};
		2215BA711C267C73001440DB /* RestAppDemo */ = {
			isa = PBXGroup;
			children = (
				2215BA7A1C267C73001440DB /* AppDelegate.h */,
				2215BA7B1C267C73001440DB /* AppDelegate.m */,
				2215BA7D1C267C73001440DB /* Main_iPhone.storyboard */,
				2215BA801C267C73001440DB /* Main_iPad.storyboard */,
				2215BA831C267C73001440DB /* MasterViewController.h */,
				2215BA841C267C73001440DB /* MasterViewController.m */,
				2215BA861C267C73001440DB /* DetailViewController.h */,
				2215BA871C267C73001440DB /* DetailViewController.m */,
				2215BA891C267C73001440DB /* Images.xcassets */,
				2215BA721C267C73001440DB /* Supporting Files */,
			);
			path = RestAppDemo;
			sourceTree = "<group>";
		};
		2215BA721C267C73001440DB /* Supporting Files */ = {
			isa = PBXGroup;
			children = (
				2215BA731C267C73001440DB /* RestAppDemo-Info.plist */,
				2215BA741C267C73001440DB /* InfoPlist.strings */,
				2215BA771C267C73001440DB /* main.m */,
				2215BA791C267C73001440DB /* RestAppDemo-Prefix.pch */,
			);
			name = "Supporting Files";
			sourceTree = "<group>";
		};
		2215BA961C267C73001440DB /* RestAppDemoTests */ = {
			isa = PBXGroup;
			children = (
				2215BA9C1C267C74001440DB /* RestAppDemoTests.m */,
				2215BA971C267C74001440DB /* Supporting Files */,
			);
			path = RestAppDemoTests;
			sourceTree = "<group>";
		};
		2215BA971C267C74001440DB /* Supporting Files */ = {
			isa = PBXGroup;
			children = (
				2215BA981C267C74001440DB /* RestAppDemoTests-Info.plist */,
				2215BA991C267C74001440DB /* InfoPlist.strings */,
			);
			name = "Supporting Files";
			sourceTree = "<group>";
		};
/* End PBXGroup section */

/* Begin PBXNativeTarget section */
		2215BA671C267C73001440DB /* RestAppDemo */ = {
			isa = PBXNativeTarget;
			buildConfigurationList = 2215BAA01C267C74001440DB /* Build configuration list for PBXNativeTarget "RestAppDemo" */;
			buildPhases = (
				2215BA641C267C73001440DB /* Sources */,
				2215BA651C267C73001440DB /* Frameworks */,
				2215BA661C267C73001440DB /* Resources */,
			);
			buildRules = (
			);
			dependencies = (
			);
			name = RestAppDemo;
			productName = RestAppDemo;
			productReference = 2215BA681C267C73001440DB /* RestAppDemo.app */;
			productType = "com.apple.product-type.application";
		};
		2215BA8E1C267C73001440DB /* RestAppDemoTests */ = {
			isa = PBXNativeTarget;
			buildConfigurationList = 2215BAA31C267C74001440DB /* Build configuration list for PBXNativeTarget "RestAppDemoTests" */;
			buildPhases = (
				2215BA8B1C267C73001440DB /* Sources */,
				2215BA8C1C267C73001440DB /* Frameworks */,
				2215BA8D1C267C73001440DB /* Resources */,
			);
			buildRules = (
			);
			dependencies = (
				2215BA951C267C73001440DB /* PBXTargetDependency */,
			);
			name = RestAppDemoTests;
			productName = RestAppDemoTests;
			productReference = 2215BA8F1C267C73001440DB /* RestAppDemoTests.xctest */;
			productType = "com.apple.product-type.bundle.unit-test";
		};
/* End PBXNativeTarget section */

/* Begin PBXProject section */
		2215BA601C267C73001440DB /* Project object */ = {
			isa = PBXProject;
			attributes = {
				LastUpgradeCheck = 0500;
				ORGANIZATIONNAME = "Ferris Li";
				TargetAttributes = {
					2215BA8E1C267C73001440DB = {
						TestTargetID = 2215BA671C267C73001440DB;
					};
				};
			};
			buildConfigurationList = 2215BA631C267C73001440DB /* Build configuration list for PBXProject "RestAppDemo" */;
			compatibilityVersion = "Xcode 3.2";
			developmentRegion = English;
			hasScannedForEncodings = 0;
			knownRegions = (
				en,
				Base,
			);
			mainGroup = 2215BA5F1C267C73001440DB;
			productRefGroup = 2215BA691C267C73001440DB /* Products */;
			projectDirPath = "";
			projectRoot = "";
			targets = (
				2215BA671C267C73001440DB /* RestAppDemo */,
				2215BA8E1C267C73001440DB /* RestAppDemoTests */,
			);
		};
/* End PBXProject section */

/* Begin PBXResourcesBuildPhase section */
		2215BA661C267C73001440DB /* Resources */ = {
			isa = PBXResourcesBuildPhase;
			buildActionMask = 2147483647;
			files = (
				2215BA821C267C73001440DB /* Main_iPad.storyboard in Resources */,
				2215BA8A1C267C73001440DB /* Images.xcassets in Resources */,
				2215BA7F1C267C73001440DB /* Main_iPhone.storyboard in Resources */,
				2215BA761C267C73001440DB /* InfoPlist.strings in Resources */,
			);
			runOnlyForDeploymentPostprocessing = 0;
		};
		2215BA8D1C267C73001440DB /* Resources */ = {
			isa = PBXResourcesBuildPhase;
			buildActionMask = 2147483647;
			files = (
				2215BA9B1C267C74001440DB /* InfoPlist.strings in Resources */,
			);
			runOnlyForDeploymentPostprocessing = 0;
		};
/* End PBXResourcesBuildPhase section */

/* Begin PBXSourcesBuildPhase section */
		2215BA641C267C73001440DB /* Sources */ = {
			isa = PBXSourcesBuildPhase;
			buildActionMask = 2147483647;
			files = (
				2215BA7C1C267C73001440DB /* AppDelegate.m in Sources */,
				2215BA851C267C73001440DB /* MasterViewController.m in Sources */,
				2215BA781C267C73001440DB /* main.m in Sources */,
				2215BA881C267C73001440DB /* DetailViewController.m in Sources */,
			);
			runOnlyForDeploymentPostprocessing = 0;
		};
		2215BA8B1C267C73001440DB /* Sources */ = {
			isa = PBXSourcesBuildPhase;
			buildActionMask = 2147483647;
			files = (
				2215BA9D1C267C74001440DB /* RestAppDemoTests.m in Sources */,
			);
			runOnlyForDeploymentPostprocessing = 0;
		};
/* End PBXSourcesBuildPhase section */

/* Begin PBXTargetDependency section */
		2215BA951C267C73001440DB /* PBXTargetDependency */ = {
			isa = PBXTargetDependency;
			target = 2215BA671C267C73001440DB /* RestAppDemo */;
			targetProxy = 2215BA941C267C73001440DB /* PBXContainerItemProxy */;
		};
/* End PBXTargetDependency section */

/* Begin PBXVariantGroup section */
		2215BA741C267C73001440DB /* InfoPlist.strings */ = {
			isa = PBXVariantGroup;
			children = (
				2215BA751C267C73001440DB /* en */,
			);
			name = InfoPlist.strings;
			sourceTree = "<group>";
		};
		2215BA7D1C267C73001440DB /* Main_iPhone.storyboard */ = {
			isa = PBXVariantGroup;
			children = (
				2215BA7E1C267C73001440DB /* Base */,
			);
			name = Main_iPhone.storyboard;
			sourceTree = "<group>";
		};
		2215BA801C267C73001440DB /* Main_iPad.storyboard */ = {
			isa = PBXVariantGroup;
			children = (
				2215BA811C267C73001440DB /* Base */,
			);
			name = Main_iPad.storyboard;
			sourceTree = "<group>";
		};
		2215BA991C267C74001440DB /* InfoPlist.strings */ = {
			isa = PBXVariantGroup;
			children = (
				2215BA9A1C267C74001440DB /* en */,
			);
			name = InfoPlist.strings;
			sourceTree = "<group>";
		};
/* End PBXVariantGroup section */

/* Begin XCBuildConfiguration section */
		2215BA9E1C267C74001440DB /* Debug */ = {
			isa = XCBuildConfiguration;
			buildSettings = {
				ALWAYS_SEARCH_USER_PATHS = NO;
				ARCHS = "$(ARCHS_STANDARD_INCLUDING_64_BIT)";
				CLANG_CXX_LANGUAGE_STANDARD = "gnu++0x";
				CLANG_CXX_LIBRARY = "libc++";
				CLANG_ENABLE_MODULES = YES;
				CLANG_ENABLE_OBJC_ARC = YES;
				CLANG_WARN_BOOL_CONVERSION = YES;
				CLANG_WARN_CONSTANT_CONVERSION = YES;
				CLANG_WARN_DIRECT_OBJC_ISA_USAGE = YES_ERROR;
				CLANG_WARN_EMPTY_BODY = YES;
				CLANG_WARN_ENUM_CONVERSION = YES;
				CLANG_WARN_INT_CONVERSION = YES;
				CLANG_WARN_OBJC_ROOT_CLASS = YES_ERROR;
				CLANG_WARN__DUPLICATE_METHOD_MATCH = YES;
				"CODE_SIGN_IDENTITY[sdk=iphoneos*]" = "iPhone Developer";
				COPY_PHASE_STRIP = NO;
				GCC_C_LANGUAGE_STANDARD = gnu99;
				GCC_DYNAMIC_NO_PIC = NO;
				GCC_OPTIMIZATION_LEVEL = 0;
				GCC_PREPROCESSOR_DEFINITIONS = (
					"DEBUG=1",
					"$(inherited)",
				);
				GCC_SYMBOLS_PRIVATE_EXTERN = NO;
				GCC_WARN_64_TO_32_BIT_CONVERSION = YES;
				GCC_WARN_ABOUT_RETURN_TYPE = YES_ERROR;
				GCC_WARN_UNDECLARED_SELECTOR = YES;
				GCC_WARN_UNINITIALIZED_AUTOS = YES;
				GCC_WARN_UNUSED_FUNCTION = YES;
				GCC_WARN_UNUSED_VARIABLE = YES;
				IPHONEOS_DEPLOYMENT_TARGET = 7.0;
				ONLY_ACTIVE_ARCH = YES;
				SDKROOT = iphoneos;
				TARGETED_DEVICE_FAMILY = "1,2";
			};
			name = Debug;
		};
		2215BA9F1C267C74001440DB /* Release */ = {
			isa = XCBuildConfiguration;
			buildSettings = {
				ALWAYS_SEARCH_USER_PATHS = NO;
				ARCHS = "$(ARCHS_STANDARD_INCLUDING_64_BIT)";
				CLANG_CXX_LANGUAGE_STANDARD = "gnu++0x";
				CLANG_CXX_LIBRARY = "libc++";
				CLANG_ENABLE_MODULES = YES;
				CLANG_ENABLE_OBJC_ARC = YES;
				CLANG_WARN_BOOL_CONVERSION = YES;
				CLANG_WARN_CONSTANT_CONVERSION = YES;
				CLANG_WARN_DIRECT_OBJC_ISA_USAGE = YES_ERROR;
				CLANG_WARN_EMPTY_BODY = YES;
				CLANG_WARN_ENUM_CONVERSION = YES;
				CLANG_WARN_INT_CONVERSION = YES;
				CLANG_WARN_OBJC_ROOT_CLASS = YES_ERROR;
				CLANG_WARN__DUPLICATE_METHOD_MATCH = YES;
				"CODE_SIGN_IDENTITY[sdk=iphoneos*]" = "iPhone Developer";
				COPY_PHASE_STRIP = YES;
				ENABLE_NS_ASSERTIONS = NO;
				GCC_C_LANGUAGE_STANDARD = gnu99;
				GCC_WARN_64_TO_32_BIT_CONVERSION = YES;
				GCC_WARN_ABOUT_RETURN_TYPE = YES_ERROR;
				GCC_WARN_UNDECLARED_SELECTOR = YES;
				GCC_WARN_UNINITIALIZED_AUTOS = YES;
				GCC_WARN_UNUSED_FUNCTION = YES;
				GCC_WARN_UNUSED_VARIABLE = YES;
				IPHONEOS_DEPLOYMENT_TARGET = 7.0;
				SDKROOT = iphoneos;
				TARGETED_DEVICE_FAMILY = "1,2";
				VALIDATE_PRODUCT = YES;
			};
			name = Release;
		};
		2215BAA11C267C74001440DB /* Debug */ = {
			isa = XCBuildConfiguration;
			buildSettings = {
				ASSETCATALOG_COMPILER_APPICON_NAME = AppIcon;
				ASSETCATALOG_COMPILER_LAUNCHIMAGE_NAME = LaunchImage;
				GCC_PRECOMPILE_PREFIX_HEADER = YES;
				GCC_PREFIX_HEADER = "RestAppDemo/RestAppDemo-Prefix.pch";
				INFOPLIST_FILE = "RestAppDemo/RestAppDemo-Info.plist";
				PRODUCT_NAME = "$(TARGET_NAME)";
				WRAPPER_EXTENSION = app;
			};
			name = Debug;
		};
		2215BAA21C267C74001440DB /* Release */ = {
			isa = XCBuildConfiguration;
			buildSettings = {
				ASSETCATALOG_COMPILER_APPICON_NAME = AppIcon;
				ASSETCATALOG_COMPILER_LAUNCHIMAGE_NAME = LaunchImage;
				GCC_PRECOMPILE_PREFIX_HEADER = YES;
				GCC_PREFIX_HEADER = "RestAppDemo/RestAppDemo-Prefix.pch";
				INFOPLIST_FILE = "RestAppDemo/RestAppDemo-Info.plist";
				PRODUCT_NAME = "$(TARGET_NAME)";
				WRAPPER_EXTENSION = app;
			};
			name = Release;
		};
		2215BAA41C267C74001440DB /* Debug */ = {
			isa = XCBuildConfiguration;
			buildSettings = {
				ARCHS = "$(ARCHS_STANDARD_INCLUDING_64_BIT)";
				BUNDLE_LOADER = "$(BUILT_PRODUCTS_DIR)/RestAppDemo.app/RestAppDemo";
				FRAMEWORK_SEARCH_PATHS = (
					"$(SDKROOT)/Developer/Library/Frameworks",
					"$(inherited)",
					"$(DEVELOPER_FRAMEWORKS_DIR)",
				);
				GCC_PRECOMPILE_PREFIX_HEADER = YES;
				GCC_PREFIX_HEADER = "RestAppDemo/RestAppDemo-Prefix.pch";
				GCC_PREPROCESSOR_DEFINITIONS = (
					"DEBUG=1",
					"$(inherited)",
				);
				INFOPLIST_FILE = "RestAppDemoTests/RestAppDemoTests-Info.plist";
				PRODUCT_NAME = "$(TARGET_NAME)";
				TEST_HOST = "$(BUNDLE_LOADER)";
				WRAPPER_EXTENSION = xctest;
			};
			name = Debug;
		};
		2215BAA51C267C74001440DB /* Release */ = {
			isa = XCBuildConfiguration;
			buildSettings = {
				ARCHS = "$(ARCHS_STANDARD_INCLUDING_64_BIT)";
				BUNDLE_LOADER = "$(BUILT_PRODUCTS_DIR)/RestAppDemo.app/RestAppDemo";
				FRAMEWORK_SEARCH_PATHS = (
					"$(SDKROOT)/Developer/Library/Frameworks",
					"$(inherited)",
					"$(DEVELOPER_FRAMEWORKS_DIR)",
				);
				GCC_PRECOMPILE_PREFIX_HEADER = YES;
				GCC_PREFIX_HEADER = "RestAppDemo/RestAppDemo-Prefix.pch";
				INFOPLIST_FILE = "RestAppDemoTests/RestAppDemoTests-Info.plist";
				PRODUCT_NAME = "$(TARGET_NAME)";
				TEST_HOST = "$(BUNDLE_LOADER)";
				WRAPPER_EXTENSION = xctest;
			};
			name = Release;
		};
/* End XCBuildConfiguration section */

/* Begin XCConfigurationList section */
		2215BA631C267C73001440DB /* Build configuration list for PBXProject "RestAppDemo" */ = {
			isa = XCConfigurationList;
			buildConfigurations = (
				2215BA9E1C267C74001440DB /* Debug */,
				2215BA9F1C267C74001440DB /* Release */,
			);
			defaultConfigurationIsVisible = 0;
			defaultConfigurationName = Release;
		};
		2215BAA01C267C74001440DB /* Build configuration list for PBXNativeTarget "RestAppDemo" */ = {
			isa = XCConfigurationList;
			buildConfigurations = (
				2215BAA11C267C74001440DB /* Debug */,
				2215BAA21C267C74001440DB /* Release */,
			);
			defaultConfigurationIsVisible = 0;
		};
		2215BAA31C267C74001440DB /* Build configuration list for PBXNativeTarget "RestAppDemoTests" */ = {
			isa = XCConfigurationList;
			buildConfigurations = (
				2215BAA41C267C74001440DB /* Debug */,
				2215BAA51C267C74001440DB /* Release */,
			);
			defaultConfigurationIsVisible = 0;
		};
/* End XCConfigurationList section */
	};
	rootObject = 2215BA601C267C73001440DB /* Project object */;
}
